
Microsoft Visual Studio Solution File, Format Version 12.00
# Visual Studio Version 17
VisualStudioVersion = 17.11.35327.3
MinimumVisualStudioVersion = 10.0.40219.1
Project("{8BC9CEB8-8B4A-11D0-8D11-00A0C91BC942}") = "VoxelDestroyer", "VoxelDestroyer.vcxproj", "{D8A1E7B3-F51D-4A8A-9AE3-9F4997BDF08F}"
EndProject
Global
	GlobalSection(SolutionConfigurationPlatforms) = preSolution
		Debug|x64 = Debug|x64
		Debug|x86 = Debug|x86
		Release|x64 = Release|x64
		Release|x86 = Release|x86
	EndGlobalSection
	GlobalSection(ProjectConfigurationPlatforms) = postSolution
		{D8A1E7B3-F51D-4A8A-9AE3-9F4997BDF08F}.Debug|x64.ActiveCfg = Debug|x64
		{D8A1E7B3-F51D-4A8A-9AE3-9F4997BDF08F}.Debug|x64.Build.0 = Debug|x64
		{D8A1E7B3-F51D-4A8A-9AE3-9F4997BDF08F}.Debug|x86.ActiveCfg = Debug|Win32
		{D8A1E7B3-F51D-4A8A-9AE3-9F4997BDF08F}.Debug|x86.Build.0 = Debug|Win32
		{D8A1E7B3-F51D-4A8A-9AE3-9F4997BDF08F}.Release|x64.ActiveCfg = Release|x64
		{D8A1E7B3-F51D-4A8A-9AE3-9F4997BDF08F}.Release|x64.Build.0 = Release|x64
		{D8A1E7B3-F51D-4A8A-9AE3-9F4997BDF08F}.Release|x86.ActiveCfg = Release|Win32
		{D8A1E7B3-F51D-4A8A-9AE3-9F4997BDF08F}.Release|x86.Build.0 = Release|Win32
	EndGlobalSection
	GlobalSection(SolutionProperties) = preSolution
		HideSolutionNode = FALSE
	EndGlobalSection
	GlobalSection(ExtensibilityGlobals) = postSolution
		SolutionGuid = {F5396C43-8A28-42A8-97E7-6B8A04B1C3A0}
	EndGlobalSection
EndGlobal
